// !$*UTF8*$!
{
	archiveVersion = 1;
	classes = {
	};
	objectVersion = 46;
	objects = {

/* Begin PBXBuildFile section */
		3802A653155ED26800A42786 /* UIKit.framework in Frameworks */ = {isa = PBXBuildFile; fileRef = 3802A652155ED26800A42786 /* UIKit.framework */; };
		3802A655155ED26800A42786 /* Foundation.framework in Frameworks */ = {isa = PBXBuildFile; fileRef = 3802A654155ED26800A42786 /* Foundation.framework */; };
		3802A657155ED26800A42786 /* CoreGraphics.framework in Frameworks */ = {isa = PBXBuildFile; fileRef = 3802A656155ED26800A42786 /* CoreGraphics.framework */; };
		3802A65D155ED26800A42786 /* InfoPlist.strings in Resources */ = {isa = PBXBuildFile; fileRef = 3802A65B155ED26800A42786 /* InfoPlist.strings */; };
		3802A65F155ED26800A42786 /* main.m in Sources */ = {isa = PBXBuildFile; fileRef = 3802A65E155ED26800A42786 /* main.m */; };
		3802A663155ED26800A42786 /* AppDelegate.m in Sources */ = {isa = PBXBuildFile; fileRef = 3802A662155ED26800A42786 /* AppDelegate.m */; };
		3802A666155ED26800A42786 /* MainStoryboard.storyboard in Resources */ = {isa = PBXBuildFile; fileRef = 3802A664155ED26800A42786 /* MainStoryboard.storyboard */; };
		3802A669155ED26800A42786 /* FirstViewController.m in Sources */ = {isa = PBXBuildFile; fileRef = 3802A668155ED26800A42786 /* FirstViewController.m */; };
		3802A66B155ED26800A42786 /* first.png in Resources */ = {isa = PBXBuildFile; fileRef = 3802A66A155ED26800A42786 /* first.png */; };
		3802A66D155ED26800A42786 /* first@2x.png in Resources */ = {isa = PBXBuildFile; fileRef = 3802A66C155ED26800A42786 /* first@2x.png */; };
		3802A670155ED26800A42786 /* SecondViewController.m in Sources */ = {isa = PBXBuildFile; fileRef = 3802A66F155ED26800A42786 /* SecondViewController.m */; };
		3802A672155ED26800A42786 /* second.png in Resources */ = {isa = PBXBuildFile; fileRef = 3802A671155ED26800A42786 /* second.png */; };
		3802A674155ED26800A42786 /* second@2x.png in Resources */ = {isa = PBXBuildFile; fileRef = 3802A673155ED26800A42786 /* second@2x.png */; };
		3802A67C155ED26800A42786 /* SenTestingKit.framework in Frameworks */ = {isa = PBXBuildFile; fileRef = 3802A67B155ED26800A42786 /* SenTestingKit.framework */; };
		3802A67D155ED26800A42786 /* UIKit.framework in Frameworks */ = {isa = PBXBuildFile; fileRef = 3802A652155ED26800A42786 /* UIKit.framework */; };
		3802A67E155ED26800A42786 /* Foundation.framework in Frameworks */ = {isa = PBXBuildFile; fileRef = 3802A654155ED26800A42786 /* Foundation.framework */; };
		3802A686155ED26800A42786 /* InfoPlist.strings in Resources */ = {isa = PBXBuildFile; fileRef = 3802A684155ED26800A42786 /* InfoPlist.strings */; };
		3802A689155ED26800A42786 /* Occidental_CollegeTests.m in Sources */ = {isa = PBXBuildFile; fileRef = 3802A688155ED26800A42786 /* Occidental_CollegeTests.m */; };
/* End PBXBuildFile section */

/* Begin PBXContainerItemProxy section */
		3802A67F155ED26800A42786 /* PBXContainerItemProxy */ = {
			isa = PBXContainerItemProxy;
			containerPortal = 3802A645155ED26800A42786 /* Project object */;
			proxyType = 1;
			remoteGlobalIDString = 3802A64D155ED26800A42786;
			remoteInfo = "Occidental College";
		};
/* End PBXContainerItemProxy section */

/* Begin PBXFileReference section */
		3802A64E155ED26800A42786 /* Occidental College.app */ = {isa = PBXFileReference; explicitFileType = wrapper.application; includeInIndex = 0; path = "Occidental College.app"; sourceTree = BUILT_PRODUCTS_DIR; };
		3802A652155ED26800A42786 /* UIKit.framework */ = {isa = PBXFileReference; lastKnownFileType = wrapper.framework; name = UIKit.framework; path = System/Library/Frameworks/UIKit.framework; sourceTree = SDKROOT; };
		3802A654155ED26800A42786 /* Foundation.framework */ = {isa = PBXFileReference; lastKnownFileType = wrapper.framework; name = Foundation.framework; path = System/Library/Frameworks/Foundation.framework; sourceTree = SDKROOT; };
		3802A656155ED26800A42786 /* CoreGraphics.framework */ = {isa = PBXFileReference; lastKnownFileType = wrapper.framework; name = CoreGraphics.framework; path = System/Library/Frameworks/CoreGraphics.framework; sourceTree = SDKROOT; };
		3802A65A155ED26800A42786 /* Occidental College-Info.plist */ = {isa = PBXFileReference; path = "Occidental College-Info.plist"; sourceTree = "<group>"; };
		3802A65C155ED26800A42786 /* en */ = {isa = PBXFileReference; lastKnownFileType = text.plist.strings; name = en; path = en.lproj/InfoPlist.strings; sourceTree = "<group>"; };
		3802A65E155ED26800A42786 /* main.m */ = {isa = PBXFileReference; lastKnownFileType = sourcecode.c.objc; path = main.m; sourceTree = "<group>"; };
		3802A660155ED26800A42786 /* Occidental College-Prefix.pch */ = {isa = PBXFileReference; path = "Occidental College-Prefix.pch"; sourceTree = "<group>"; };
		3802A661155ED26800A42786 /* AppDelegate.h */ = {isa = PBXFileReference; path = AppDelegate.h; sourceTree = "<group>"; };
		3802A662155ED26800A42786 /* AppDelegate.m */ = {isa = PBXFileReference; lastKnownFileType = sourcecode.c.objc; path = AppDelegate.m; sourceTree = "<group>"; };
		3802A665155ED26800A42786 /* en */ = {isa = PBXFileReference; lastKnownFileType = file.storyboard; name = en; path = en.lproj/MainStoryboard.storyboard; sourceTree = "<group>"; };
		3802A667155ED26800A42786 /* FirstViewController.h */ = {isa = PBXFileReference; path = FirstViewController.h; sourceTree = "<group>"; };
		3802A668155ED26800A42786 /* FirstViewController.m */ = {isa = PBXFileReference; lastKnownFileType = sourcecode.c.objc; path = FirstViewController.m; sourceTree = "<group>"; };
		3802A66A155ED26800A42786 /* first.png */ = {isa = PBXFileReference; lastKnownFileType = image.png; path = first.png; sourceTree = "<group>"; };
		3802A66C155ED26800A42786 /* first@2x.png */ = {isa = PBXFileReference; lastKnownFileType = image.png; path = "first@2x.png"; sourceTree = "<group>"; };
		3802A66E155ED26800A42786 /* SecondViewController.h */ = {isa = PBXFileReference; path = SecondViewController.h; sourceTree = "<group>"; };
		3802A66F155ED26800A42786 /* SecondViewController.m */ = {isa = PBXFileReference; lastKnownFileType = sourcecode.c.objc; path = SecondViewController.m; sourceTree = "<group>"; };
		3802A671155ED26800A42786 /* second.png */ = {isa = PBXFileReference; lastKnownFileType = image.png; path = second.png; sourceTree = "<group>"; };
		3802A673155ED26800A42786 /* second@2x.png */ = {isa = PBXFileReference; lastKnownFileType = image.png; path = "second@2x.png"; sourceTree = "<group>"; };
		3802A67A155ED26800A42786 /* Occidental CollegeTests.octest */ = {isa = PBXFileReference; explicitFileType = wrapper.cfbundle; includeInIndex = 0; path = "Occidental CollegeTests.octest"; sourceTree = BUILT_PRODUCTS_DIR; };
		3802A67B155ED26800A42786 /* SenTestingKit.framework */ = {isa = PBXFileReference; lastKnownFileType = wrapper.framework; name = SenTestingKit.framework; path = Library/Frameworks/SenTestingKit.framework; sourceTree = DEVELOPER_DIR; };
		3802A683155ED26800A42786 /* Occidental CollegeTests-Info.plist */ = {isa = PBXFileReference; path = "Occidental CollegeTests-Info.plist"; sourceTree = "<group>"; };
		3802A685155ED26800A42786 /* en */ = {isa = PBXFileReference; lastKnownFileType = text.plist.strings; name = en; path = en.lproj/InfoPlist.strings; sourceTree = "<group>"; };
		3802A687155ED26800A42786 /* Occidental_CollegeTests.h */ = {isa = PBXFileReference; path = Occidental_CollegeTests.h; sourceTree = "<group>"; };
		3802A688155ED26800A42786 /* Occidental_CollegeTests.m */ = {isa = PBXFileReference; lastKnownFileType = sourcecode.c.objc; path = Occidental_CollegeTests.m; sourceTree = "<group>"; };
/* End PBXFileReference section */

/* Begin PBXFrameworksBuildPhase section */
		3802A64B155ED26800A42786 /* Frameworks */ = {
			isa = PBXFrameworksBuildPhase;
			buildActionMask = 2147483647;
			files = (
				3802A653155ED26800A42786 /* UIKit.framework in Frameworks */,
				3802A655155ED26800A42786 /* Foundation.framework in Frameworks */,
				3802A657155ED26800A42786 /* CoreGraphics.framework in Frameworks */,
			);
			runOnlyForDeploymentPostprocessing = 0;
		};
		3802A676155ED26800A42786 /* Frameworks */ = {
			isa = PBXFrameworksBuildPhase;
			buildActionMask = 2147483647;
			files = (
				3802A67C155ED26800A42786 /* SenTestingKit.framework in Frameworks */,
				3802A67D155ED26800A42786 /* UIKit.framework in Frameworks */,
				3802A67E155ED26800A42786 /* Foundation.framework in Frameworks */,
			);
			runOnlyForDeploymentPostprocessing = 0;
		};
/* End PBXFrameworksBuildPhase section */

/* Begin PBXGroup section */
		3802A643155ED26800A42786 = {
			isa = PBXGroup;
			children = (
				3802A658155ED26800A42786 /* Occidental College */,
				3802A681155ED26800A42786 /* Occidental CollegeTests */,
				3802A651155ED26800A42786 /* Frameworks */,
				3802A64F155ED26800A42786 /* Products */,
			);
			sourceTree = "<group>";
		};
		3802A64F155ED26800A42786 /* Products */ = {
			isa = PBXGroup;
			children = (
				3802A64E155ED26800A42786 /* Occidental College.app */,
				3802A67A155ED26800A42786 /* Occidental CollegeTests.octest */,
			);
			name = Products;
			sourceTree = "<group>";
		};
		3802A651155ED26800A42786 /* Frameworks */ = {
			isa = PBXGroup;
			children = (
				3802A652155ED26800A42786 /* UIKit.framework */,
				3802A654155ED26800A42786 /* Foundation.framework */,
				3802A656155ED26800A42786 /* CoreGraphics.framework */,
				3802A67B155ED26800A42786 /* SenTestingKit.framework */,
			);
			name = Frameworks;
			sourceTree = "<group>";
		};
		3802A658155ED26800A42786 /* Occidental College */ = {
			isa = PBXGroup;
			children = (
				3802A661155ED26800A42786 /* AppDelegate.h */,
				3802A662155ED26800A42786 /* AppDelegate.m */,
				3802A664155ED26800A42786 /* MainStoryboard.storyboard */,
				3802A667155ED26800A42786 /* FirstViewController.h */,
				3802A668155ED26800A42786 /* FirstViewController.m */,
				3802A66A155ED26800A42786 /* first.png */,
				3802A66C155ED26800A42786 /* first@2x.png */,
				3802A66E155ED26800A42786 /* SecondViewController.h */,
				3802A66F155ED26800A42786 /* SecondViewController.m */,
				3802A671155ED26800A42786 /* second.png */,
				3802A673155ED26800A42786 /* second@2x.png */,
				3802A659155ED26800A42786 /* Supporting Files */,
			);
			path = "Occidental College";
			sourceTree = "<group>";
		};
		3802A659155ED26800A42786 /* Supporting Files */ = {
			isa = PBXGroup;
			children = (
				3802A65A155ED26800A42786 /* Occidental College-Info.plist */,
				3802A65B155ED26800A42786 /* InfoPlist.strings */,
				3802A65E155ED26800A42786 /* main.m */,
				3802A660155ED26800A42786 /* Occidental College-Prefix.pch */,
			);
			name = "Supporting Files";
			sourceTree = "<group>";
		};
		3802A681155ED26800A42786 /* Occidental CollegeTests */ = {
			isa = PBXGroup;
			children = (
				3802A687155ED26800A42786 /* Occidental_CollegeTests.h */,
				3802A688155ED26800A42786 /* Occidental_CollegeTests.m */,
				3802A682155ED26800A42786 /* Supporting Files */,
			);
			path = "Occidental CollegeTests";
			sourceTree = "<group>";
		};
		3802A682155ED26800A42786 /* Supporting Files */ = {
			isa = PBXGroup;
			children = (
				3802A683155ED26800A42786 /* Occidental CollegeTests-Info.plist */,
				3802A684155ED26800A42786 /* InfoPlist.strings */,
			);
			name = "Supporting Files";
			sourceTree = "<group>";
		};
/* End PBXGroup section */

/* Begin PBXNativeTarget section */
		3802A64D155ED26800A42786 /* Occidental College */ = {
			isa = PBXNativeTarget;
			buildConfigurationList = 3802A68C155ED26800A42786 /* Build configuration list for PBXNativeTarget "Occidental College" */;
			buildPhases = (
				3802A64A155ED26800A42786 /* Sources */,
				3802A64B155ED26800A42786 /* Frameworks */,
				3802A64C155ED26800A42786 /* Resources */,
			);
			buildRules = (
			);
			dependencies = (
			);
			name = "Occidental College";
			productName = "Occidental College";
			productReference = 3802A64E155ED26800A42786 /* Occidental College.app */;
			productType = "com.apple.product-type.application";
		};
		3802A679155ED26800A42786 /* Occidental CollegeTests */ = {
			isa = PBXNativeTarget;
			buildConfigurationList = 3802A68F155ED26800A42786 /* Build configuration list for PBXNativeTarget "Occidental CollegeTests" */;
			buildPhases = (
				3802A675155ED26800A42786 /* Sources */,
				3802A676155ED26800A42786 /* Frameworks */,
				3802A677155ED26800A42786 /* Resources */,
				3802A678155ED26800A42786 /* ShellScript */,
			);
			buildRules = (
			);
			dependencies = (
				3802A680155ED26800A42786 /* PBXTargetDependency */,
			);
			name = "Occidental CollegeTests";
			productName = "Occidental CollegeTests";
			productReference = 3802A67A155ED26800A42786 /* Occidental CollegeTests.octest */;
			productType = "com.apple.product-type.bundle";
		};
/* End PBXNativeTarget section */

/* Begin PBXProject section */
		3802A645155ED26800A42786 /* Project object */ = {
			isa = PBXProject;
			attributes = {
				LastUpgradeCheck = 0430;
				ORGANIZATIONNAME = JusCollege;
			};
			buildConfigurationList = 3802A648155ED26800A42786 /* Build configuration list for PBXProject "Occidental College" */;
			compatibilityVersion = "Xcode 3.2";
			developmentRegion = English;
			hasScannedForEncodings = 0;
			knownRegions = (
				en,
			);
			mainGroup = 3802A643155ED26800A42786;
			productRefGroup = 3802A64F155ED26800A42786 /* Products */;
			projectDirPath = "";
			projectRoot = "";
			targets = (
				3802A64D155ED26800A42786 /* Occidental College */,
				3802A679155ED26800A42786 /* Occidental CollegeTests */,
			);
		};
/* End PBXProject section */

/* Begin PBXResourcesBuildPhase section */
		3802A64C155ED26800A42786 /* Resources */ = {
			isa = PBXResourcesBuildPhase;
			buildActionMask = 2147483647;
			files = (
				3802A65D155ED26800A42786 /* InfoPlist.strings in Resources */,
				3802A666155ED26800A42786 /* MainStoryboard.storyboard in Resources */,
				3802A66B155ED26800A42786 /* first.png in Resources */,
				3802A66D155ED26800A42786 /* first@2x.png in Resources */,
				3802A672155ED26800A42786 /* second.png in Resources */,
				3802A674155ED26800A42786 /* second@2x.png in Resources */,
			);
			runOnlyForDeploymentPostprocessing = 0;
		};
		3802A677155ED26800A42786 /* Resources */ = {
			isa = PBXResourcesBuildPhase;
			buildActionMask = 2147483647;
			files = (
				3802A686155ED26800A42786 /* InfoPlist.strings in Resources */,
			);
			runOnlyForDeploymentPostprocessing = 0;
		};
/* End PBXResourcesBuildPhase section */

/* Begin PBXShellScriptBuildPhase section */
		3802A678155ED26800A42786 /* ShellScript */ = {
			isa = PBXShellScriptBuildPhase;
			buildActionMask = 2147483647;
			files = (
			);
			inputPaths = (
			);
			outputPaths = (
			);
			runOnlyForDeploymentPostprocessing = 0;
			shellPath = /bin/sh;
			shellScript = "# Run the unit tests in this test bundle.\n\"${SYSTEM_DEVELOPER_DIR}/Tools/RunUnitTests\"\n";
		};
/* End PBXShellScriptBuildPhase section */

/* Begin PBXSourcesBuildPhase section */
		3802A64A155ED26800A42786 /* Sources */ = {
			isa = PBXSourcesBuildPhase;
			buildActionMask = 2147483647;
			files = (
				3802A65F155ED26800A42786 /* main.m in Sources */,
				3802A663155ED26800A42786 /* AppDelegate.m in Sources */,
				3802A669155ED26800A42786 /* FirstViewController.m in Sources */,
				3802A670155ED26800A42786 /* SecondViewController.m in Sources */,
			);
			runOnlyForDeploymentPostprocessing = 0;
		};
		3802A675155ED26800A42786 /* Sources */ = {
			isa = PBXSourcesBuildPhase;
			buildActionMask = 2147483647;
			files = (
				3802A689155ED26800A42786 /* Occidental_CollegeTests.m in Sources */,
			);
			runOnlyForDeploymentPostprocessing = 0;
		};
/* End PBXSourcesBuildPhase section */

/* Begin PBXTargetDependency section */
		3802A680155ED26800A42786 /* PBXTargetDependency */ = {
			isa = PBXTargetDependency;
			target = 3802A64D155ED26800A42786 /* Occidental College */;
			targetProxy = 3802A67F155ED26800A42786 /* PBXContainerItemProxy */;
		};
/* End PBXTargetDependency section */

/* Begin PBXVariantGroup section */
		3802A65B155ED26800A42786 /* InfoPlist.strings */ = {
			isa = PBXVariantGroup;
			children = (
				3802A65C155ED26800A42786 /* en */,
			);
			name = InfoPlist.strings;
			sourceTree = "<group>";
		};
		3802A664155ED26800A42786 /* MainStoryboard.storyboard */ = {
			isa = PBXVariantGroup;
			children = (
				3802A665155ED26800A42786 /* en */,
			);
			name = MainStoryboard.storyboard;
			sourceTree = "<group>";
		};
		3802A684155ED26800A42786 /* InfoPlist.strings */ = {
			isa = PBXVariantGroup;
			children = (
				3802A685155ED26800A42786 /* en */,
			);
			name = InfoPlist.strings;
			sourceTree = "<group>";
		};
/* End PBXVariantGroup section */

/* Begin XCBuildConfiguration section */
		3802A68A155ED26800A42786 /* Debug */ = {
			isa = XCBuildConfiguration;
			buildSettings = {
				ALWAYS_SEARCH_USER_PATHS = NO;
				ARCHS = "$(ARCHS_STANDARD_32_BIT)";
				CLANG_ENABLE_OBJC_ARC = YES;
				"CODE_SIGN_IDENTITY[sdk=iphoneos*]" = "iPhone Developer";
				COPY_PHASE_STRIP = NO;
				GCC_C_LANGUAGE_STANDARD = gnu99;
				GCC_DYNAMIC_NO_PIC = NO;
				GCC_OPTIMIZATION_LEVEL = 0;
				GCC_PREPROCESSOR_DEFINITIONS = (
					"DEBUG=1",
					"$(inherited)",
				);
				GCC_SYMBOLS_PRIVATE_EXTERN = NO;
				GCC_VERSION = com.apple.compilers.llvm.clang.1_0;
				GCC_WARN_ABOUT_RETURN_TYPE = YES;
				GCC_WARN_UNINITIALIZED_AUTOS = YES;
				GCC_WARN_UNUSED_VARIABLE = YES;
				IPHONEOS_DEPLOYMENT_TARGET = 5.1;
				SDKROOT = iphoneos;
			};
			name = Debug;
		};
		3802A68B155ED26800A42786 /* Release */ = {
			isa = XCBuildConfiguration;
			buildSettings = {
				ALWAYS_SEARCH_USER_PATHS = NO;
				ARCHS = "$(ARCHS_STANDARD_32_BIT)";
				CLANG_ENABLE_OBJC_ARC = YES;
				"CODE_SIGN_IDENTITY[sdk=iphoneos*]" = "iPhone Developer";
				COPY_PHASE_STRIP = YES;
				GCC_C_LANGUAGE_STANDARD = gnu99;
				GCC_VERSION = com.apple.compilers.llvm.clang.1_0;
				GCC_WARN_ABOUT_RETURN_TYPE = YES;
				GCC_WARN_UNINITIALIZED_AUTOS = YES;
				GCC_WARN_UNUSED_VARIABLE = YES;
				IPHONEOS_DEPLOYMENT_TARGET = 5.1;
				OTHER_CFLAGS = "-DNS_BLOCK_ASSERTIONS=1";
				SDKROOT = iphoneos;
				VALIDATE_PRODUCT = YES;
			};
			name = Release;
		};
		3802A68D155ED26800A42786 /* Debug */ = {
			isa = XCBuildConfiguration;
			buildSettings = {
				GCC_PRECOMPILE_PREFIX_HEADER = YES;
				GCC_PREFIX_HEADER = "Occidental College/Occidental College-Prefix.pch";
				INFOPLIST_FILE = "Occidental College/Occidental College-Info.plist";
				PRODUCT_NAME = "$(TARGET_NAME)";
				WRAPPER_EXTENSION = app;
			};
			name = Debug;
		};
		3802A68E155ED26800A42786 /* Release */ = {
			isa = XCBuildConfiguration;
			buildSettings = {
				GCC_PRECOMPILE_PREFIX_HEADER = YES;
				GCC_PREFIX_HEADER = "Occidental College/Occidental College-Prefix.pch";
				INFOPLIST_FILE = "Occidental College/Occidental College-Info.plist";
				PRODUCT_NAME = "$(TARGET_NAME)";
				WRAPPER_EXTENSION = app;
			};
			name = Release;
		};
		3802A690155ED26800A42786 /* Debug */ = {
			isa = XCBuildConfiguration;
			buildSettings = {
				BUNDLE_LOADER = "$(BUILT_PRODUCTS_DIR)/Occidental College.app/Occidental College";
				FRAMEWORK_SEARCH_PATHS = (
					"$(SDKROOT)/Developer/Library/Frameworks",
					"$(DEVELOPER_LIBRARY_DIR)/Frameworks",
				);
				GCC_PRECOMPILE_PREFIX_HEADER = YES;
				GCC_PREFIX_HEADER = "Occidental College/Occidental College-Prefix.pch";
				INFOPLIST_FILE = "Occidental CollegeTests/Occidental CollegeTests-Info.plist";
				PRODUCT_NAME = "$(TARGET_NAME)";
				TEST_HOST = "$(BUNDLE_LOADER)";
				WRAPPER_EXTENSION = octest;
			};
			name = Debug;
		};
		3802A691155ED26800A42786 /* Release */ = {
			isa = XCBuildConfiguration;
			buildSettings = {
				BUNDLE_LOADER = "$(BUILT_PRODUCTS_DIR)/Occidental College.app/Occidental College";
				FRAMEWORK_SEARCH_PATHS = (
					"$(SDKROOT)/Developer/Library/Frameworks",
					"$(DEVELOPER_LIBRARY_DIR)/Frameworks",
				);
				GCC_PRECOMPILE_PREFIX_HEADER = YES;
				GCC_PREFIX_HEADER = "Occidental College/Occidental College-Prefix.pch";
				INFOPLIST_FILE = "Occidental CollegeTests/Occidental CollegeTests-Info.plist";
				PRODUCT_NAME = "$(TARGET_NAME)";
				TEST_HOST = "$(BUNDLE_LOADER)";
				WRAPPER_EXTENSION = octest;
			};
			name = Release;
		};
/* End XCBuildConfiguration section */

/* Begin XCConfigurationList section */
		3802A648155ED26800A42786 /* Build configuration list for PBXProject "Occidental College" */ = {
			isa = XCConfigurationList;
			buildConfigurations = (
				3802A68A155ED26800A42786 /* Debug */,
				3802A68B155ED26800A42786 /* Release */,
			);
			defaultConfigurationIsVisible = 0;
			defaultConfigurationName = Release;
		};
		3802A68C155ED26800A42786 /* Build configuration list for PBXNativeTarget "Occidental College" */ = {
			isa = XCConfigurationList;
			buildConfigurations = (
				3802A68D155ED26800A42786 /* Debug */,
				3802A68E155ED26800A42786 /* Release */,
			);
			defaultConfigurationIsVisible = 0;
		};
		3802A68F155ED26800A42786 /* Build configuration list for PBXNativeTarget "Occidental CollegeTests" */ = {
			isa = XCConfigurationList;
			buildConfigurations = (
				3802A690155ED26800A42786 /* Debug */,
				3802A691155ED26800A42786 /* Release */,
			);
			defaultConfigurationIsVisible = 0;
		};
/* End XCConfigurationList section */
	};
	rootObject = 3802A645155ED26800A42786 /* Project object */;
}
